
Microsoft Visual Studio Solution File, Format Version 12.00
# Visual Studio Version 16
VisualStudioVersion = 16.0.30406.217
MinimumVisualStudioVersion = 10.0.40219.1
Project("{9A19103F-16F7-4668-BE54-9A1E7A4F7556}") = "AbpTemplate.WebApi", "src\AbpTemplate.WebApi\AbpTemplate.WebApi.csproj", "{185DC31E-9170-4F20-A77C-647278E4B0CE}"
EndProject
Project("{2150E333-8FDC-42A3-9474-1A3956D46DE8}") = "src", "src", "{64692B73-DD00-4A0D-8BA2-C88696E8BE67}"
EndProject
Project("{9A19103F-16F7-4668-BE54-9A1E7A4F7556}") = "AbpTemplate.Domain", "src\AbpTemplate.Domain\AbpTemplate.Domain.csproj", "{2493757A-B3CC-440A-916D-475E2E39E7B1}"
EndProject
Project("{9A19103F-16F7-4668-BE54-9A1E7A4F7556}") = "AbpTemplate.EF", "src\AbpTemplate.EF\AbpTemplate.EF.csproj", "{D821998B-53F8-4878-87F5-5605C867BC7A}"
EndProject
Project("{9A19103F-16F7-4668-BE54-9A1E7A4F7556}") = "AbpTemplate.App", "src\AbpTemplate.App\AbpTemplate.App.csproj", "{5EEADB0C-9C0C-4F03-B1DC-29AA1FDED1FB}"
EndProject
Project("{2150E333-8FDC-42A3-9474-1A3956D46DE8}") = "Domain", "Domain", "{030C7F15-7DA0-4930-950E-4EA114B3473F}"
EndProject
Project("{2150E333-8FDC-42A3-9474-1A3956D46DE8}") = "EF", "EF", "{2FDFFD4C-144E-4B01-8ACC-8A99995C8680}"
EndProject
Project("{9A19103F-16F7-4668-BE54-9A1E7A4F7556}") = "AbpTemplate.App.Synchronization", "src\AbpTemplate.App.Synchronization\AbpTemplate.App.Synchronization.csproj", "{3066AB70-2F8D-4F1C-87BC-0CC8079490AD}"
EndProject
Project("{9A19103F-16F7-4668-BE54-9A1E7A4F7556}") = "AbpTemplate.EF.EntityGroups", "src\AbpTemplate.EF.EntityGroups\AbpTemplate.EF.EntityGroups.csproj", "{54028C3C-51C2-482D-8BA0-B5318209008F}"
EndProject
Project("{9A19103F-16F7-4668-BE54-9A1E7A4F7556}") = "AbpTemplate.EF.Bulk", "src\AbpTemplate.EF.Bulk\AbpTemplate.EF.Bulk.csproj", "{015E7CC0-FB26-4647-8531-2BCD656F34DC}"
EndProject
Project("{9A19103F-16F7-4668-BE54-9A1E7A4F7556}") = "AbpTemplate.EF.Automigration", "src\AbpTemplate.EF.Automigration\AbpTemplate.EF.Automigration.csproj", "{4D8DFD14-4B21-45B1-AA0F-E9BAA87A17C4}"
EndProject
Project("{2150E333-8FDC-42A3-9474-1A3956D46DE8}") = "App", "App", "{0B4EA910-E08B-4F07-BA9C-CB4077505AE8}"
EndProject
Project("{9A19103F-16F7-4668-BE54-9A1E7A4F7556}") = "AbpTemplate.EF.Migrations", "src\AbpTemplate.EF.Migration\AbpTemplate.EF.Migrations.csproj", "{740AD0C0-EDCA-419D-A61A-7D9A7CAC2529}"
EndProject
Project("{FAE04EC0-301F-11D3-BF4B-00C04F79EFBC}") = "AbpTemplate.App.EntitiesUpdate", "src\AbpTemplate.App.EntitiesUpdate\AbpTemplate.App.EntitiesUpdate.csproj", "{89C12A57-2B62-449B-ADF0-AD0BB352F2F4}"
EndProject
Global
	GlobalSection(SolutionConfigurationPlatforms) = preSolution
		Debug|Any CPU = Debug|Any CPU
		Release|Any CPU = Release|Any CPU
	EndGlobalSection
	GlobalSection(ProjectConfigurationPlatforms) = postSolution
		{185DC31E-9170-4F20-A77C-647278E4B0CE}.Debug|Any CPU.ActiveCfg = Debug|Any CPU
		{185DC31E-9170-4F20-A77C-647278E4B0CE}.Debug|Any CPU.Build.0 = Debug|Any CPU
		{185DC31E-9170-4F20-A77C-647278E4B0CE}.Release|Any CPU.ActiveCfg = Release|Any CPU
		{185DC31E-9170-4F20-A77C-647278E4B0CE}.Release|Any CPU.Build.0 = Release|Any CPU
		{2493757A-B3CC-440A-916D-475E2E39E7B1}.Debug|Any CPU.ActiveCfg = Debug|Any CPU
		{2493757A-B3CC-440A-916D-475E2E39E7B1}.Debug|Any CPU.Build.0 = Debug|Any CPU
		{2493757A-B3CC-440A-916D-475E2E39E7B1}.Release|Any CPU.ActiveCfg = Release|Any CPU
		{2493757A-B3CC-440A-916D-475E2E39E7B1}.Release|Any CPU.Build.0 = Release|Any CPU
		{D821998B-53F8-4878-87F5-5605C867BC7A}.Debug|Any CPU.ActiveCfg = Debug|Any CPU
		{D821998B-53F8-4878-87F5-5605C867BC7A}.Debug|Any CPU.Build.0 = Debug|Any CPU
		{D821998B-53F8-4878-87F5-5605C867BC7A}.Release|Any CPU.ActiveCfg = Release|Any CPU
		{D821998B-53F8-4878-87F5-5605C867BC7A}.Release|Any CPU.Build.0 = Release|Any CPU
		{5EEADB0C-9C0C-4F03-B1DC-29AA1FDED1FB}.Debug|Any CPU.ActiveCfg = Debug|Any CPU
		{5EEADB0C-9C0C-4F03-B1DC-29AA1FDED1FB}.Debug|Any CPU.Build.0 = Debug|Any CPU
		{5EEADB0C-9C0C-4F03-B1DC-29AA1FDED1FB}.Release|Any CPU.ActiveCfg = Release|Any CPU
		{5EEADB0C-9C0C-4F03-B1DC-29AA1FDED1FB}.Release|Any CPU.Build.0 = Release|Any CPU
		{3066AB70-2F8D-4F1C-87BC-0CC8079490AD}.Debug|Any CPU.ActiveCfg = Debug|Any CPU
		{3066AB70-2F8D-4F1C-87BC-0CC8079490AD}.Debug|Any CPU.Build.0 = Debug|Any CPU
		{3066AB70-2F8D-4F1C-87BC-0CC8079490AD}.Release|Any CPU.ActiveCfg = Release|Any CPU
		{3066AB70-2F8D-4F1C-87BC-0CC8079490AD}.Release|Any CPU.Build.0 = Release|Any CPU
		{54028C3C-51C2-482D-8BA0-B5318209008F}.Debug|Any CPU.ActiveCfg = Debug|Any CPU
		{54028C3C-51C2-482D-8BA0-B5318209008F}.Debug|Any CPU.Build.0 = Debug|Any CPU
		{54028C3C-51C2-482D-8BA0-B5318209008F}.Release|Any CPU.ActiveCfg = Release|Any CPU
		{54028C3C-51C2-482D-8BA0-B5318209008F}.Release|Any CPU.Build.0 = Release|Any CPU
		{015E7CC0-FB26-4647-8531-2BCD656F34DC}.Debug|Any CPU.ActiveCfg = Debug|Any CPU
		{015E7CC0-FB26-4647-8531-2BCD656F34DC}.Debug|Any CPU.Build.0 = Debug|Any CPU
		{015E7CC0-FB26-4647-8531-2BCD656F34DC}.Release|Any CPU.ActiveCfg = Release|Any CPU
		{015E7CC0-FB26-4647-8531-2BCD656F34DC}.Release|Any CPU.Build.0 = Release|Any CPU
		{4D8DFD14-4B21-45B1-AA0F-E9BAA87A17C4}.Debug|Any CPU.ActiveCfg = Debug|Any CPU
		{4D8DFD14-4B21-45B1-AA0F-E9BAA87A17C4}.Debug|Any CPU.Build.0 = Debug|Any CPU
		{4D8DFD14-4B21-45B1-AA0F-E9BAA87A17C4}.Release|Any CPU.ActiveCfg = Release|Any CPU
		{4D8DFD14-4B21-45B1-AA0F-E9BAA87A17C4}.Release|Any CPU.Build.0 = Release|Any CPU
		{740AD0C0-EDCA-419D-A61A-7D9A7CAC2529}.Debug|Any CPU.ActiveCfg = Debug|Any CPU
		{740AD0C0-EDCA-419D-A61A-7D9A7CAC2529}.Debug|Any CPU.Build.0 = Debug|Any CPU
		{740AD0C0-EDCA-419D-A61A-7D9A7CAC2529}.Release|Any CPU.ActiveCfg = Release|Any CPU
		{740AD0C0-EDCA-419D-A61A-7D9A7CAC2529}.Release|Any CPU.Build.0 = Release|Any CPU
		{89C12A57-2B62-449B-ADF0-AD0BB352F2F4}.Debug|Any CPU.ActiveCfg = Debug|Any CPU
		{89C12A57-2B62-449B-ADF0-AD0BB352F2F4}.Debug|Any CPU.Build.0 = Debug|Any CPU
		{89C12A57-2B62-449B-ADF0-AD0BB352F2F4}.Release|Any CPU.ActiveCfg = Release|Any CPU
		{89C12A57-2B62-449B-ADF0-AD0BB352F2F4}.Release|Any CPU.Build.0 = Release|Any CPU
	EndGlobalSection
	GlobalSection(SolutionProperties) = preSolution
		HideSolutionNode = FALSE
	EndGlobalSection
	GlobalSection(NestedProjects) = preSolution
		{2493757A-B3CC-440A-916D-475E2E39E7B1} = {030C7F15-7DA0-4930-950E-4EA114B3473F}
		{D821998B-53F8-4878-87F5-5605C867BC7A} = {2FDFFD4C-144E-4B01-8ACC-8A99995C8680}
		{5EEADB0C-9C0C-4F03-B1DC-29AA1FDED1FB} = {0B4EA910-E08B-4F07-BA9C-CB4077505AE8}
		{030C7F15-7DA0-4930-950E-4EA114B3473F} = {64692B73-DD00-4A0D-8BA2-C88696E8BE67}
		{2FDFFD4C-144E-4B01-8ACC-8A99995C8680} = {64692B73-DD00-4A0D-8BA2-C88696E8BE67}
		{3066AB70-2F8D-4F1C-87BC-0CC8079490AD} = {0B4EA910-E08B-4F07-BA9C-CB4077505AE8}
		{54028C3C-51C2-482D-8BA0-B5318209008F} = {2FDFFD4C-144E-4B01-8ACC-8A99995C8680}
		{015E7CC0-FB26-4647-8531-2BCD656F34DC} = {2FDFFD4C-144E-4B01-8ACC-8A99995C8680}
		{4D8DFD14-4B21-45B1-AA0F-E9BAA87A17C4} = {2FDFFD4C-144E-4B01-8ACC-8A99995C8680}
		{0B4EA910-E08B-4F07-BA9C-CB4077505AE8} = {64692B73-DD00-4A0D-8BA2-C88696E8BE67}
		{740AD0C0-EDCA-419D-A61A-7D9A7CAC2529} = {2FDFFD4C-144E-4B01-8ACC-8A99995C8680}
		{89C12A57-2B62-449B-ADF0-AD0BB352F2F4} = {0B4EA910-E08B-4F07-BA9C-CB4077505AE8}
	EndGlobalSection
	GlobalSection(ExtensibilityGlobals) = postSolution
		SolutionGuid = {2DBE7495-81AA-4683-8A76-4A3BC6EBF5F7}
	EndGlobalSection
EndGlobal
